
Microsoft Visual Studio Solution File, Format Version 12.00
# Visual Studio Version 16
VisualStudioVersion = 16.0.32126.315
MinimumVisualStudioVersion = 10.0.40219.1
Project("{FAE04EC0-301F-11D3-BF4B-00C04F79EFBC}") = "SkeletonEx", "SkeletonEx\SkeletonEx.csproj", "{DDBDB983-AB04-4DE0-90A2-CEF5C5AC2A84}"
EndProject
Global
	GlobalSection(SolutionConfigurationPlatforms) = preSolution
		Debug|Any CPU = Debug|Any CPU
		Release|Any CPU = Release|Any CPU
	EndGlobalSection
	GlobalSection(ProjectConfigurationPlatforms) = postSolution
		{DDBDB983-AB04-4DE0-90A2-CEF5C5AC2A84}.Debug|Any CPU.ActiveCfg = Debug|Any CPU
		{DDBDB983-AB04-4DE0-90A2-CEF5C5AC2A84}.Debug|Any CPU.Build.0 = Debug|Any CPU
		{DDBDB983-AB04-4DE0-90A2-CEF5C5AC2A84}.Debug|Any CPU.Deploy.0 = Debug|Any CPU
		{DDBDB983-AB04-4DE0-90A2-CEF5C5AC2A84}.Release|Any CPU.ActiveCfg = Release|Any CPU
		{DDBDB983-AB04-4DE0-90A2-CEF5C5AC2A84}.Release|Any CPU.Build.0 = Release|Any CPU
		{DDBDB983-AB04-4DE0-90A2-CEF5C5AC2A84}.Release|Any CPU.Deploy.0 = Release|Any CPU
	EndGlobalSection
	GlobalSection(SolutionProperties) = preSolution
		HideSolutionNode = FALSE
	EndGlobalSection
	GlobalSection(ExtensibilityGlobals) = postSolution
		SolutionGuid = {6DA14409-EF15-4317-B245-21347A0A9AD3}
	EndGlobalSection
EndGlobal
